
Microsoft Visual Studio Solution File, Format Version 12.00
# Visual Studio 2013
VisualStudioVersion = 12.0.40629.0
MinimumVisualStudioVersion = 10.0.40219.1
Project("{8BC9CEB8-8B4A-11D0-8D11-00A0C91BC942}") = "libshuicast", "libshuicast\libshuicast.vcxproj", "{0CAEF635-9B19-4DF0-B7B6-03F9C861A551}"
EndProject
Project("{8BC9CEB8-8B4A-11D0-8D11-00A0C91BC942}") = "shuicast_winamp", "shuicast\shuicast_winamp.vcxproj", "{5D841AF8-61FE-4583-B2D5-FAC1D2D7128B}"
EndProject
Project("{8BC9CEB8-8B4A-11D0-8D11-00A0C91BC942}") = "shuicast_radiodj", "shuicast\shuicast_radiodj.vcxproj", "{42E20C49-8FE5-4386-BCE0-92135F5496DC}"
EndProject
Project("{8BC9CEB8-8B4A-11D0-8D11-00A0C91BC942}") = "shuicast_standalone", "shuicast\shuicast_standalone.vcxproj", "{F2EB751E-9592-4064-9432-617FB1C45D25}"
EndProject
Project("{8BC9CEB8-8B4A-11D0-8D11-00A0C91BC942}") = "shuicast_foobar", "shuicast\shuicast_foobar.vcxproj", "{AACF9FD5-3D54-4A1C-9D9E-A4344A75A21F}"
EndProject
Project("{2150E333-8FDC-42A3-9474-1A3956D46DE8}") = "plugin", "plugin", "{FFF58319-6C70-4925-AA0D-978FEBFCECB0}"
EndProject
Project("{2150E333-8FDC-42A3-9474-1A3956D46DE8}") = "sdk", "sdk", "{37D9BB38-18AC-4BC5-A727-1599C74146F0}"
EndProject
Project("{8BC9CEB8-8B4A-11D0-8D11-00A0C91BC942}") = "foobar2000_component_client", "foobar2000\foobar2000\foobar2000_component_client\foobar2000_component_client.vcxproj", "{71AD2674-065B-48F5-B8B0-E1F9D3892081}"
EndProject
Project("{8BC9CEB8-8B4A-11D0-8D11-00A0C91BC942}") = "foobar2000_SDK", "foobar2000\foobar2000\SDK\foobar2000_SDK.vcxproj", "{E8091321-D79D-4575-86EF-064EA1A4A20D}"
EndProject
Project("{8BC9CEB8-8B4A-11D0-8D11-00A0C91BC942}") = "foobar2000_sdk_helpers", "foobar2000\foobar2000\helpers\foobar2000_sdk_helpers.vcxproj", "{EE47764E-A202-4F85-A767-ABDAB4AFF35F}"
EndProject
Project("{8BC9CEB8-8B4A-11D0-8D11-00A0C91BC942}") = "pfc", "foobar2000\pfc\pfc.vcxproj", "{EBFFFB4E-261D-44D3-B89C-957B31A0BF9C}"
EndProject
Global
	GlobalSection(SolutionConfigurationPlatforms) = preSolution
		Debug|Win32 = Debug|Win32
		Release|Win32 = Release|Win32
	EndGlobalSection
	GlobalSection(ProjectConfigurationPlatforms) = postSolution
		{0CAEF635-9B19-4DF0-B7B6-03F9C861A551}.Debug|Win32.ActiveCfg = Debug|Win32
		{0CAEF635-9B19-4DF0-B7B6-03F9C861A551}.Debug|Win32.Build.0 = Debug|Win32
		{0CAEF635-9B19-4DF0-B7B6-03F9C861A551}.Release|Win32.ActiveCfg = Release|Win32
		{0CAEF635-9B19-4DF0-B7B6-03F9C861A551}.Release|Win32.Build.0 = Release|Win32
		{5D841AF8-61FE-4583-B2D5-FAC1D2D7128B}.Debug|Win32.ActiveCfg = Debug|Win32
		{5D841AF8-61FE-4583-B2D5-FAC1D2D7128B}.Debug|Win32.Build.0 = Debug|Win32
		{5D841AF8-61FE-4583-B2D5-FAC1D2D7128B}.Release|Win32.ActiveCfg = Release|Win32
		{5D841AF8-61FE-4583-B2D5-FAC1D2D7128B}.Release|Win32.Build.0 = Release|Win32
		{42E20C49-8FE5-4386-BCE0-92135F5496DC}.Debug|Win32.ActiveCfg = Debug|Win32
		{42E20C49-8FE5-4386-BCE0-92135F5496DC}.Debug|Win32.Build.0 = Debug|Win32
		{42E20C49-8FE5-4386-BCE0-92135F5496DC}.Release|Win32.ActiveCfg = Release|Win32
		{42E20C49-8FE5-4386-BCE0-92135F5496DC}.Release|Win32.Build.0 = Release|Win32
		{F2EB751E-9592-4064-9432-617FB1C45D25}.Debug|Win32.ActiveCfg = Debug|Win32
		{F2EB751E-9592-4064-9432-617FB1C45D25}.Debug|Win32.Build.0 = Debug|Win32
		{F2EB751E-9592-4064-9432-617FB1C45D25}.Release|Win32.ActiveCfg = Release|Win32
		{F2EB751E-9592-4064-9432-617FB1C45D25}.Release|Win32.Build.0 = Release|Win32
		{AACF9FD5-3D54-4A1C-9D9E-A4344A75A21F}.Debug|Win32.ActiveCfg = Debug|Win32
		{AACF9FD5-3D54-4A1C-9D9E-A4344A75A21F}.Debug|Win32.Build.0 = Debug|Win32
		{AACF9FD5-3D54-4A1C-9D9E-A4344A75A21F}.Release|Win32.ActiveCfg = Release|Win32
		{AACF9FD5-3D54-4A1C-9D9E-A4344A75A21F}.Release|Win32.Build.0 = Release|Win32
		{71AD2674-065B-48F5-B8B0-E1F9D3892081}.Debug|Win32.ActiveCfg = Debug|Win32
		{71AD2674-065B-48F5-B8B0-E1F9D3892081}.Debug|Win32.Build.0 = Debug|Win32
		{71AD2674-065B-48F5-B8B0-E1F9D3892081}.Release|Win32.ActiveCfg = Release|Win32
		{71AD2674-065B-48F5-B8B0-E1F9D3892081}.Release|Win32.Build.0 = Release|Win32
		{E8091321-D79D-4575-86EF-064EA1A4A20D}.Debug|Win32.ActiveCfg = Debug|Win32
		{E8091321-D79D-4575-86EF-064EA1A4A20D}.Debug|Win32.Build.0 = Debug|Win32
		{E8091321-D79D-4575-86EF-064EA1A4A20D}.Release|Win32.ActiveCfg = Release|Win32
		{E8091321-D79D-4575-86EF-064EA1A4A20D}.Release|Win32.Build.0 = Release|Win32
		{EE47764E-A202-4F85-A767-ABDAB4AFF35F}.Debug|Win32.ActiveCfg = Debug|Win32
		{EE47764E-A202-4F85-A767-ABDAB4AFF35F}.Debug|Win32.Build.0 = Debug|Win32
		{EE47764E-A202-4F85-A767-ABDAB4AFF35F}.Release|Win32.ActiveCfg = Release|Win32
		{EE47764E-A202-4F85-A767-ABDAB4AFF35F}.Release|Win32.Build.0 = Release|Win32
		{EBFFFB4E-261D-44D3-B89C-957B31A0BF9C}.Debug|Win32.ActiveCfg = Debug|Win32
		{EBFFFB4E-261D-44D3-B89C-957B31A0BF9C}.Debug|Win32.Build.0 = Debug|Win32
		{EBFFFB4E-261D-44D3-B89C-957B31A0BF9C}.Release|Win32.ActiveCfg = Release|Win32
		{EBFFFB4E-261D-44D3-B89C-957B31A0BF9C}.Release|Win32.Build.0 = Release|Win32
	EndGlobalSection
	GlobalSection(SolutionProperties) = preSolution
		HideSolutionNode = FALSE
	EndGlobalSection
	GlobalSection(NestedProjects) = preSolution
		{0CAEF635-9B19-4DF0-B7B6-03F9C861A551} = {FFF58319-6C70-4925-AA0D-978FEBFCECB0}
		{5D841AF8-61FE-4583-B2D5-FAC1D2D7128B} = {FFF58319-6C70-4925-AA0D-978FEBFCECB0}
		{42E20C49-8FE5-4386-BCE0-92135F5496DC} = {FFF58319-6C70-4925-AA0D-978FEBFCECB0}
		{AACF9FD5-3D54-4A1C-9D9E-A4344A75A21F} = {FFF58319-6C70-4925-AA0D-978FEBFCECB0}
		{71AD2674-065B-48F5-B8B0-E1F9D3892081} = {37D9BB38-18AC-4BC5-A727-1599C74146F0}
		{E8091321-D79D-4575-86EF-064EA1A4A20D} = {37D9BB38-18AC-4BC5-A727-1599C74146F0}
		{EE47764E-A202-4F85-A767-ABDAB4AFF35F} = {37D9BB38-18AC-4BC5-A727-1599C74146F0}
		{EBFFFB4E-261D-44D3-B89C-957B31A0BF9C} = {37D9BB38-18AC-4BC5-A727-1599C74146F0}
	EndGlobalSection
EndGlobal
